{
    "_readme": [
        "This file locks the dependencies of your project to a known state",
        "Read more about it at https://getcomposer.org/doc/01-basic-usage.md#composer-lock-the-lock-file",
        "This file is @generated automatically"
    ],
    "hash": "f5cdf3ea874009c3a57a95401417b770",
    "packages": [
        {
            "name": "geekality/timer",
            "version": "v1.2",
            "source": {
                "type": "git",
                "url": "https://github.com/Svish/TimerPHP.git",
                "reference": "63fb8b193155b430bb6d8729ee8857efa2ff8d17"
            },
            "dist": {
                "type": "zip",
                "url": "https://api.github.com/repos/Svish/TimerPHP/zipball/63fb8b193155b430bb6d8729ee8857efa2ff8d17",
                "reference": "63fb8b193155b430bb6d8729ee8857efa2ff8d17",
                "shasum": ""
            },
            "require": {
                "php": ">=5.3.0"
            },
            "type": "library",
            "autoload": {
                "files": [
                    "src/Timer.php"
                ]
            },
            "notification-url": "https://packagist.org/downloads/",
            "license": [
                "CC-BY"
            ],
            "authors": [
                {
                    "name": "Torleif Berger",
                    "email": "torleif@outlook.com",
                    "homepage": "http://www.geekality.net",
                    "role": "Developer"
                }
            ],
            "description": "Simple class for logging time and memory usage of stuff",
            "homepage": "https://github.com/Svish/TimerPHP",
            "keywords": [
                "benchmark",
                "benchmarking",
                "statistics",
                "timer"
            ],
            "time": "2013-05-15 06:29:33"
        }
    ],
    "packages-dev": [],
    "aliases": [],
    "minimum-stability": "stable",
    "stability-flags": [],
    "prefer-stable": false,
    "prefer-lowest": false,
    "platform": {
        "php": ">= 5.4.0"
    },
    "platform-dev": []
}
